Microsoft Visual Studio Solution File, Format Version 12.00
# Visual Studio Version 17
VisualStudioVersion = 17.0.31919.166
MinimumVisualStudioVersion = 10.0.40219.1
Project("{FAE04EC0-301F-11D3-BF4B-00C04F79EFBC}") = "ToFMultiplayer", "ToFMultiplayer.csproj", "{A1234567-B890-C123-D456-E789F0123456}"
EndProject
Global
	GlobalSection(SolutionConfigurationPlatforms) = preSolution
		Debug|Any CPU = Debug|Any CPU
		Release|Any CPU = Release|Any CPU
	EndGlobalSection
	GlobalSection(ProjectConfigurationPlatforms) = postSolution
		{A1234567-B890-C123-D456-E789F0123456}.Debug|Any CPU.ActiveCfg = Debug|Any CPU
		{A1234567-B890-C123-D456-E789F0123456}.Debug|Any CPU.Build.0 = Debug|Any CPU
		{A1234567-B890-C123-D456-E789F0123456}.Release|Any CPU.ActiveCfg = Release|Any CPU
		{A1234567-B890-C123-D456-E789F0123456}.Release|Any CPU.Build.0 = Release|Any CPU
	EndGlobalSection
EndGlobal
